<Solution>
  <Folder Name="/Game.Godot/">
    <Project Path="Game.Godot/GameGodot.csproj">
      <BuildType Project="Debug" />
    </Project>
  </Folder>
  <Folder Name="/Game.Godot/addons/">
    <Project Path="Game.Godot/addons/gdUnit4/gdUnit4.csproj">
      <BuildType Project="Debug" />
    </Project>
  </Folder>
  <Folder Name="/xunitTests/">
    <Project Path="xunitTests/Game.Core.Tests/Game.Core.Tests.csproj" />
  </Folder>
  <Project Path="Game.Core/Game.Core.csproj" />
</Solution>
